
Microsoft Visual Studio Solution File, Format Version 12.00
# Visual Studio Version 16
VisualStudioVersion = 16.0.29519.87
MinimumVisualStudioVersion = 10.0.40219.1
Project("{FAE04EC0-301F-11D3-BF4B-00C04F79EFBC}") = "IRF_Project2", "IRF_Project2\IRF_Project2.csproj", "{8CCD4AE1-EA40-4B58-AAAA-527E32F88812}"
EndProject
Global
	GlobalSection(SolutionConfigurationPlatforms) = preSolution
		Debug|Any CPU = Debug|Any CPU
		Release|Any CPU = Release|Any CPU
	EndGlobalSection
	GlobalSection(ProjectConfigurationPlatforms) = postSolution
		{8CCD4AE1-EA40-4B58-AAAA-527E32F88812}.Debug|Any CPU.ActiveCfg = Debug|Any CPU
		{8CCD4AE1-EA40-4B58-AAAA-527E32F88812}.Debug|Any CPU.Build.0 = Debug|Any CPU
		{8CCD4AE1-EA40-4B58-AAAA-527E32F88812}.Release|Any CPU.ActiveCfg = Release|Any CPU
		{8CCD4AE1-EA40-4B58-AAAA-527E32F88812}.Release|Any CPU.Build.0 = Release|Any CPU
	EndGlobalSection
	GlobalSection(SolutionProperties) = preSolution
		HideSolutionNode = FALSE
	EndGlobalSection
	GlobalSection(ExtensibilityGlobals) = postSolution
		SolutionGuid = {280E7C70-13D5-4F60-A418-51251C40CD0C}
	EndGlobalSection
EndGlobal
